# THIS IS AN AUTOGENERATED FILE. DO NOT EDIT THIS FILE DIRECTLY.
# yarn lockfile v1


accepts@^1.3.0, accepts@~1.3.4:
  version "1.3.4"
  resolved "https://registry.yarnpkg.com/accepts/-/accepts-1.3.4.tgz#86246758c7dd6d21a6474ff084a4740ec05eb21f"
  dependencies:
    mime-types "~2.1.16"
    negotiator "0.6.1"

bytes@3.0.0:
  version "3.0.0"
  resolved "https://registry.yarnpkg.com/bytes/-/bytes-3.0.0.tgz#d32815404d689699f85a4ea4fa8755dd13a96048"

compressible@~2.0.11:
  version "2.0.12"
  resolved "https://registry.yarnpkg.com/compressible/-/compressible-2.0.12.tgz#c59a5c99db76767e9876500e271ef63b3493bd66"
  dependencies:
    mime-db ">= 1.30.0 < 2"

compression@^1.7.1:
  version "1.7.1"
  resolved "https://registry.yarnpkg.com/compression/-/compression-1.7.1.tgz#eff2603efc2e22cf86f35d2eb93589f9875373db"
  dependencies:
    accepts "~1.3.4"
    bytes "3.0.0"
    compressible "~2.0.11"
    debug "2.6.9"
    on-headers "~1.0.1"
    safe-buffer "5.1.1"
    vary "~1.1.2"

content-type@^1.0.2:
  version "1.0.4"
  resolved "https://registry.yarnpkg.com/content-type/-/content-type-1.0.4.tgz#e138cc75e040c727b1966fe5e5f8c9aee256fe3b"

cors@^2.8.4:
  version "2.8.4"
  resolved "https://registry.yarnpkg.com/cors/-/cors-2.8.4.tgz#2bd381f2eb201020105cd50ea59da63090694686"
  dependencies:
    object-assign "^4"
    vary "^1"

debug@2.6.9:
  version "2.6.9"
  resolved "https://registry.yarnpkg.com/debug/-/debug-2.6.9.tgz#5d128515df134ff327e90a4c93f4e077a536341f"
  dependencies:
    ms "2.0.0"

depd@1.1.1:
  version "1.1.1"
  resolved "https://registry.yarnpkg.com/depd/-/depd-1.1.1.tgz#5783b4e1c459f06fa5ca27f991f3d06e7a310359"

dotenv@^5.0.0:
  version "5.0.0"
  resolved "https://registry.yarnpkg.com/dotenv/-/dotenv-5.0.0.tgz#0206eb5b336639bf377618a2a304ff00c6a1fddb"

encoding@^0.1.11:
  version "0.1.12"
  resolved "https://registry.yarnpkg.com/encoding/-/encoding-0.1.12.tgz#538b66f3ee62cd1ab51ec323829d1f9480c74beb"
  dependencies:
    iconv-lite "~0.4.13"

express-graphql@^0.6.11:
  version "0.6.11"
  resolved "https://registry.yarnpkg.com/express-graphql/-/express-graphql-0.6.11.tgz#3dce78d0643e78e7e3606646ce162025ba0585ab"
  dependencies:
    accepts "^1.3.0"
    content-type "^1.0.2"
    http-errors "^1.3.0"
    raw-body "^2.1.0"

graphql@^0.12.3:
  version "0.12.3"
  resolved "https://registry.yarnpkg.com/graphql/-/graphql-0.12.3.tgz#11668458bbe28261c0dcb6e265f515ba79f6ce07"
  dependencies:
    iterall "1.1.3"

http-errors@1.6.2, http-errors@^1.3.0:
  version "1.6.2"
  resolved "https://registry.yarnpkg.com/http-errors/-/http-errors-1.6.2.tgz#0a002cc85707192a7e7946ceedc11155f60ec736"
  dependencies:
    depd "1.1.1"
    inherits "2.0.3"
    setprototypeof "1.0.3"
    statuses ">= 1.3.1 < 2"

iconv-lite@0.4.19, iconv-lite@~0.4.13:
  version "0.4.19"
  resolved "https://registry.yarnpkg.com/iconv-lite/-/iconv-lite-0.4.19.tgz#f7468f60135f5e5dad3399c0a81be9a1603a082b"

inherits@2.0.3:
  version "2.0.3"
  resolved "https://registry.yarnpkg.com/inherits/-/inherits-2.0.3.tgz#633c2c83e3da42a502f52466022480f4208261de"

is-stream@^1.0.1:
  version "1.1.0"
  resolved "https://registry.yarnpkg.com/is-stream/-/is-stream-1.1.0.tgz#12d4a3dd4e68e0b79ceb8dbc84173ae80d91ca44"

iterall@1.1.3:
  version "1.1.3"
  resolved "https://registry.yarnpkg.com/iterall/-/iterall-1.1.3.tgz#1cbbff96204056dde6656e2ed2e2226d0e6d72c9"

"mime-db@>= 1.30.0 < 2":
  version "1.32.0"
  resolved "https://registry.yarnpkg.com/mime-db/-/mime-db-1.32.0.tgz#485b3848b01a3cda5f968b4882c0771e58e09414"

mime-db@~1.30.0:
  version "1.30.0"
  resolved "https://registry.yarnpkg.com/mime-db/-/mime-db-1.30.0.tgz#74c643da2dd9d6a45399963465b26d5ca7d71f01"

mime-types@~2.1.16:
  version "2.1.17"
  resolved "https://registry.yarnpkg.com/mime-types/-/mime-types-2.1.17.tgz#09d7a393f03e995a79f8af857b70a9e0ab16557a"
  dependencies:
    mime-db "~1.30.0"

ms@2.0.0:
  version "2.0.0"
  resolved "https://registry.yarnpkg.com/ms/-/ms-2.0.0.tgz#5608aeadfc00be6c2901df5f9861788de0d597c8"

negotiator@0.6.1:
  version "0.6.1"
  resolved "https://registry.yarnpkg.com/negotiator/-/negotiator-0.6.1.tgz#2b327184e8992101177b28563fb5e7102acd0ca9"

node-fetch@^1.7.3:
  version "1.7.3"
  resolved "https://registry.yarnpkg.com/node-fetch/-/node-fetch-1.7.3.tgz#980f6f72d85211a5347c6b2bc18c5b84c3eb47ef"
  dependencies:
    encoding "^0.1.11"
    is-stream "^1.0.1"

object-assign@^4:
  version "4.1.1"
  resolved "https://registry.yarnpkg.com/object-assign/-/object-assign-4.1.1.tgz#2109adc7965887cfc05cbbd442cac8bfbb360863"

on-headers@~1.0.1:
  version "1.0.1"
  resolved "https://registry.yarnpkg.com/on-headers/-/on-headers-1.0.1.tgz#928f5d0f470d49342651ea6794b0857c100693f7"

raw-body@^2.1.0:
  version "2.3.2"
  resolved "https://registry.yarnpkg.com/raw-body/-/raw-body-2.3.2.tgz#bcd60c77d3eb93cde0050295c3f379389bc88f89"
  dependencies:
    bytes "3.0.0"
    http-errors "1.6.2"
    iconv-lite "0.4.19"
    unpipe "1.0.0"

safe-buffer@5.1.1:
  version "5.1.1"
  resolved "https://registry.yarnpkg.com/safe-buffer/-/safe-buffer-5.1.1.tgz#893312af69b2123def71f57889001671eeb2c853"

setprototypeof@1.0.3:
  version "1.0.3"
  resolved "https://registry.yarnpkg.com/setprototypeof/-/setprototypeof-1.0.3.tgz#66567e37043eeb4f04d91bd658c0cbefb55b8e04"

"statuses@>= 1.3.1 < 2":
  version "1.4.0"
  resolved "https://registry.yarnpkg.com/statuses/-/statuses-1.4.0.tgz#bb73d446da2796106efcc1b601a253d6c46bd087"

unpipe@1.0.0:
  version "1.0.0"
  resolved "https://registry.yarnpkg.com/unpipe/-/unpipe-1.0.0.tgz#b2bf4ee8514aae6165b4817829d21b2ef49904ec"

vary@^1, vary@~1.1.2:
  version "1.1.2"
  resolved "https://registry.yarnpkg.com/vary/-/vary-1.1.2.tgz#2299f02c6ded30d4a5961b0b9f74524a18f634fc"
